
Microsoft Visual Studio Solution File, Format Version 12.00
# Visual Studio Version 17
VisualStudioVersion = 17.14.36408.4 d17.14
MinimumVisualStudioVersion = 10.0.40219.1
Project("{FAE04EC0-301F-11D3-BF4B-00C04F79EFBC}") = "pisti", "pisti\pisti.csproj", "{F41A753E-29E8-4F48-9A23-97ED8E1C14F9}"
EndProject
Project("{FAE04EC0-301F-11D3-BF4B-00C04F79EFBC}") = "domain", "domain\domain.csproj", "{B6340F92-12C8-4F1C-8765-299665294D89}"
EndProject
Global
	GlobalSection(SolutionConfigurationPlatforms) = preSolution
		Debug|Any CPU = Debug|Any CPU
		Release|Any CPU = Release|Any CPU
	EndGlobalSection
	GlobalSection(ProjectConfigurationPlatforms) = postSolution
		{F41A753E-29E8-4F48-9A23-97ED8E1C14F9}.Debug|Any CPU.ActiveCfg = Debug|Any CPU
		{F41A753E-29E8-4F48-9A23-97ED8E1C14F9}.Debug|Any CPU.Build.0 = Debug|Any CPU
		{F41A753E-29E8-4F48-9A23-97ED8E1C14F9}.Release|Any CPU.ActiveCfg = Release|Any CPU
		{F41A753E-29E8-4F48-9A23-97ED8E1C14F9}.Release|Any CPU.Build.0 = Release|Any CPU
		{B6340F92-12C8-4F1C-8765-299665294D89}.Debug|Any CPU.ActiveCfg = Debug|Any CPU
		{B6340F92-12C8-4F1C-8765-299665294D89}.Debug|Any CPU.Build.0 = Debug|Any CPU
		{B6340F92-12C8-4F1C-8765-299665294D89}.Release|Any CPU.ActiveCfg = Release|Any CPU
		{B6340F92-12C8-4F1C-8765-299665294D89}.Release|Any CPU.Build.0 = Release|Any CPU
	EndGlobalSection
	GlobalSection(SolutionProperties) = preSolution
		HideSolutionNode = FALSE
	EndGlobalSection
	GlobalSection(ExtensibilityGlobals) = postSolution
		SolutionGuid = {1CB2FCD3-DD5F-4493-9796-BE41E68A8F1A}
	EndGlobalSection
EndGlobal
